Microsoft Visual Studio Solution File, Format Version 12.00
# Visual Studio Version 17
VisualStudioVersion = 17.5.2.0
MinimumVisualStudioVersion = 10.0.40219.1
Project("{FAE04EC0-301F-11D3-BF4B-00C04F79EFBC}") = "ObjectOrientedProgrammingLab0", "ObjectOrientedProgrammingLab0.csproj", "{88AAEEC4-4347-2A8B-DAAE-5D70F45627CC}"
EndProject
Global
	GlobalSection(SolutionConfigurationPlatforms) = preSolution
		Debug|Any CPU = Debug|Any CPU
		Release|Any CPU = Release|Any CPU
	EndGlobalSection
	GlobalSection(ProjectConfigurationPlatforms) = postSolution
		{88AAEEC4-4347-2A8B-DAAE-5D70F45627CC}.Debug|Any CPU.ActiveCfg = Debug|Any CPU
		{88AAEEC4-4347-2A8B-DAAE-5D70F45627CC}.Debug|Any CPU.Build.0 = Debug|Any CPU
		{88AAEEC4-4347-2A8B-DAAE-5D70F45627CC}.Release|Any CPU.ActiveCfg = Release|Any CPU
		{88AAEEC4-4347-2A8B-DAAE-5D70F45627CC}.Release|Any CPU.Build.0 = Release|Any CPU
	EndGlobalSection
	GlobalSection(SolutionProperties) = preSolution
		HideSolutionNode = FALSE
	EndGlobalSection
	GlobalSection(ExtensibilityGlobals) = postSolution
		SolutionGuid = {96BD931A-8F82-40CA-BB11-24517E4330E0}
	EndGlobalSection
EndGlobal
